// !$*UTF8*$!
{
	archiveVersion = 1;
	classes = {
	};
	objectVersion = 56;
	objects = {

/* Begin PBXBuildFile section */
		E02FA0BB2FBDD8BE00803EF6 /* Info.plist in Resources */ = {isa = PBXBuildFile; fileRef = E02FA0B52FBDD8B600803EF6 /* Info.plist */; };
		E02FA0BC2FBDD8BE00803EF6 /* Assets.xcassets in Resources */ = {isa = PBXBuildFile; fileRef = E02FA0B62FBDD8B800803EF6 /* Assets.xcassets */; };
		E02FA0BD2FBDD8BE00803EF6 /* Base.lproj in Resources */ = {isa = PBXBuildFile; fileRef = E02FA0B72FBDD8B900803EF6 /* Base.lproj */; };
		E02FA0BE2FBDD8BE00803EF6 /* SceneDelegate.swift in Sources */ = {isa = PBXBuildFile; fileRef = E02FA0B82FBDD8BA00803EF6 /* SceneDelegate.swift */; };
		E02FA0BF2FBDD8BE00803EF6 /* AppDelegate.swift in Sources */ = {isa = PBXBuildFile; fileRef = E02FA0B92FBDD8BC00803EF6 /* AppDelegate.swift */; };
/* End PBXBuildFile section */

/* Begin PBXFileReference section */
		562DF1D72FBC99380071A127 /* SportsApp.app */ = {isa = PBXFileReference; explicitFileType = wrapper.application; includeInIndex = 0; path = SportsApp.app; sourceTree = BUILT_PRODUCTS_DIR; };
		E02FA0B52FBDD8B600803EF6 /* Info.plist */ = {isa = PBXFileReference; fileEncoding = 4; lastKnownFileType = text.plist.xml; path = Info.plist; sourceTree = "<group>"; };
		E02FA0B62FBDD8B800803EF6 /* Assets.xcassets */ = {isa = PBXFileReference; lastKnownFileType = folder.assetcatalog; path = Assets.xcassets; sourceTree = "<group>"; };
		E02FA0B72FBDD8B900803EF6 /* Base.lproj */ = {isa = PBXFileReference; lastKnownFileType = folder; path = Base.lproj; sourceTree = "<group>"; };
		E02FA0B82FBDD8BA00803EF6 /* SceneDelegate.swift */ = {isa = PBXFileReference; fileEncoding = 4; lastKnownFileType = sourcecode.swift; path = SceneDelegate.swift; sourceTree = "<group>"; };
		E02FA0B92FBDD8BC00803EF6 /* AppDelegate.swift */ = {isa = PBXFileReference; fileEncoding = 4; lastKnownFileType = sourcecode.swift; path = AppDelegate.swift; sourceTree = "<group>"; };
/* End PBXFileReference section */

/* Begin PBXFrameworksBuildPhase section */
		562DF1D42FBC99380071A127 /* Frameworks */ = {
			isa = PBXFrameworksBuildPhase;
			buildActionMask = 2147483647;
			files = (
			);
			runOnlyForDeploymentPostprocessing = 0;
		};
/* End PBXFrameworksBuildPhase section */

/* Begin PBXGroup section */
		562DF1CE2FBC99380071A127 = {
			isa = PBXGroup;
			children = (
				562DF1D92FBC99380071A127 /* SportsApp */,
				562DF1D82FBC99380071A127 /* Products */,
			);
			sourceTree = "<group>";
		};
		562DF1D82FBC99380071A127 /* Products */ = {
			isa = PBXGroup;
			children = (
				562DF1D72FBC99380071A127 /* SportsApp.app */,
			);
			name = Products;
			sourceTree = "<group>";
		};
		562DF1D92FBC99380071A127 /* SportsApp */ = {
			isa = PBXGroup;
			children = (
				E02FA0C22FBDDA8C00803EF6 /* View */,
				E02FA0C12FBDDA3800803EF6 /* Modules */,
				E02FA0C02FBDDA2B00803EF6 /* Models */,
			);
			path = SportsApp;
			sourceTree = "<group>";
		};
		E02FA0C02FBDDA2B00803EF6 /* Models */ = {
			isa = PBXGroup;
			children = (
			);
			path = Models;
			sourceTree = "<group>";
		};
		E02FA0C12FBDDA3800803EF6 /* Modules */ = {
			isa = PBXGroup;
			children = (
			);
			path = Modules;
			sourceTree = "<group>";
		};
		E02FA0C22FBDDA8C00803EF6 /* View */ = {
			isa = PBXGroup;
			children = (
				E02FA0B92FBDD8BC00803EF6 /* AppDelegate.swift */,
				E02FA0B82FBDD8BA00803EF6 /* SceneDelegate.swift */,
				E02FA0B62FBDD8B800803EF6 /* Assets.xcassets */,
				E02FA0B72FBDD8B900803EF6 /* Base.lproj */,
				E02FA0B52FBDD8B600803EF6 /* Info.plist */,
			);
			path = View;
			sourceTree = "<group>";
		};
/* End PBXGroup section */

/* Begin PBXNativeTarget section */
		562DF1D62FBC99380071A127 /* SportsApp */ = {
			isa = PBXNativeTarget;
			buildConfigurationList = 562DF1EA2FBC99390071A127 /* Build configuration list for PBXNativeTarget "SportsApp" */;
			buildPhases = (
				562DF1D32FBC99380071A127 /* Sources */,
				562DF1D42FBC99380071A127 /* Frameworks */,
				562DF1D52FBC99380071A127 /* Resources */,
			);
			buildRules = (
			);
			dependencies = (
			);
			name = SportsApp;
			packageProductDependencies = (
			);
			productName = SportsApp;
			productReference = 562DF1D72FBC99380071A127 /* SportsApp.app */;
			productType = "com.apple.product-type.application";
		};
/* End PBXNativeTarget section */

/* Begin PBXProject section */
		562DF1CF2FBC99380071A127 /* Project object */ = {
			isa = PBXProject;
			attributes = {
				BuildIndependentTargetsInParallel = 1;
				LastSwiftUpdateCheck = 1400;
				LastUpgradeCheck = 1400;
				TargetAttributes = {
					562DF1D62FBC99380071A127 = {
						CreatedOnToolsVersion = 14.0;
						LastSwiftMigration = 1410;
					};
				};
			};
			buildConfigurationList = 562DF1D22FBC99380071A127 /* Build configuration list for PBXProject "SportsApp" */;
			compatibilityVersion = "Xcode 14.0";
			developmentRegion = en;
			hasScannedForEncodings = 0;
			knownRegions = (
				en,
				Base,
			);
			mainGroup = 562DF1CE2FBC99380071A127;
			productRefGroup = 562DF1D82FBC99380071A127 /* Products */;
			projectDirPath = "";
			projectRoot = "";
			targets = (
				562DF1D62FBC99380071A127 /* SportsApp */,
			);
		};
/* End PBXProject section */

/* Begin PBXResourcesBuildPhase section */
		562DF1D52FBC99380071A127 /* Resources */ = {
			isa = PBXResourcesBuildPhase;
			buildActionMask = 2147483647;
			files = (
				E02FA0BC2FBDD8BE00803EF6 /* Assets.xcassets in Resources */,
				E02FA0BD2FBDD8BE00803EF6 /* Base.lproj in Resources */,
				E02FA0BB2FBDD8BE00803EF6 /* Info.plist in Resources */,
			);
			runOnlyForDeploymentPostprocessing = 0;
		};
/* End PBXResourcesBuildPhase section */

/* Begin PBXSourcesBuildPhase section */
		562DF1D32FBC99380071A127 /* Sources */ = {
			isa = PBXSourcesBuildPhase;
			buildActionMask = 2147483647;
			files = (
				E02FA0BF2FBDD8BE00803EF6 /* AppDelegate.swift in Sources */,
				E02FA0BE2FBDD8BE00803EF6 /* SceneDelegate.swift in Sources */,
			);
			runOnlyForDeploymentPostprocessing = 0;
		};
/* End PBXSourcesBuildPhase section */

/* Begin XCBuildConfiguration section */
		562DF1EB2FBC99390071A127 /* Debug */ = {
			isa = XCBuildConfiguration;
			buildSettings = {
				ASSETCATALOG_COMPILER_APPICON_NAME = AppIcon;
				ASSETCATALOG_COMPILER_GLOBAL_ACCENT_COLOR_NAME = AccentColor;
				CLANG_ENABLE_MODULES = YES;
				CODE_SIGN_STYLE = Automatic;
				CURRENT_PROJECT_VERSION = 1;
				GENERATE_INFOPLIST_FILE = YES;
				INFOPLIST_FILE = SportsApp/Info.plist;
				INFOPLIST_KEY_UILaunchStoryboardName = LaunchScreen;
				INFOPLIST_KEY_UIMainStoryboardFile = Main;
				IPHONEOS_DEPLOYMENT_TARGET = 16.0;
				LD_RUNPATH_SEARCH_PATHS = (
					"$(inherited)",
					"@executable_path/Frameworks",
				);
				MARKETING_VERSION = 1.0;
				PRODUCT_BUNDLE_IDENTIFIER = iti.SportsApp;
				PRODUCT_NAME = "$(TARGET_NAME)";
				SWIFT_OBJC_BRIDGING_HEADER = "SportsApp/SportsApp-Bridging-Header.h";
				SWIFT_VERSION = 5.0;
				TARGETED_DEVICE_FAMILY = "1,2";
			};
			name = Debug;
		};
		562DF1EC2FBC99390071A127 /* Release */ = {
			isa = XCBuildConfiguration;
			buildSettings = {
				ASSETCATALOG_COMPILER_APPICON_NAME = AppIcon;
				ASSETCATALOG_COMPILER_GLOBAL_ACCENT_COLOR_NAME = AccentColor;
				CLANG_ENABLE_MODULES = YES;
				CODE_SIGN_STYLE = Automatic;
				CURRENT_PROJECT_VERSION = 1;
				GENERATE_INFOPLIST_FILE = YES;
				INFOPLIST_FILE = SportsApp/Info.plist;
				INFOPLIST_KEY_UILaunchStoryboardName = LaunchScreen;
				INFOPLIST_KEY_UIMainStoryboardFile = Main;
				IPHONEOS_DEPLOYMENT_TARGET = 16.0;
				LD_RUNPATH_SEARCH_PATHS = (
					"$(inherited)",
					"@executable_path/Frameworks",
				);
				MARKETING_VERSION = 1.0;
				PRODUCT_BUNDLE_IDENTIFIER = iti.SportsApp;
				PRODUCT_NAME = "$(TARGET_NAME)";
				SWIFT_OBJC_BRIDGING_HEADER = "SportsApp/SportsApp-Bridging-Header.h";
				SWIFT_VERSION = 5.0;
				TARGETED_DEVICE_FAMILY = "1,2";
			};
			name = Release;
		};
/* End XCBuildConfiguration section */

/* Begin XCConfigurationList section */
		562DF1D22FBC99380071A127 /* Build configuration list for PBXProject "SportsApp" */ = {
			isa = XCConfigurationList;
			buildConfigurations = (
				562DF1EB2FBC99390071A127 /* Debug */,
				562DF1EC2FBC99390071A127 /* Release */,
			);
			defaultConfigurationIsVisible = 0;
			defaultConfigurationName = Release;
		};
		562DF1EA2FBC99390071A127 /* Build configuration list for PBXNativeTarget "SportsApp" */ = {
			isa = XCConfigurationList;
			buildConfigurations = (
				562DF1EB2FBC99390071A127 /* Debug */,
				562DF1EC2FBC99390071A127 /* Release */,
			);
			defaultConfigurationIsVisible = 0;
			defaultConfigurationName = Release;
		};
/* End XCConfigurationList section */
	};
	rootObject = 562DF1CF2FBC99380071A127 /* Project object */;
}
